
Microsoft Visual Studio Solution File, Format Version 12.00
# Visual Studio 15
VisualStudioVersion = 15.0.26730.10
MinimumVisualStudioVersion = 10.0.40219.1
Project("{A299F2F7-C0A5-45B0-86C3-4EE0D383F66F}") = "WebSite", "WebSite\WebSite.csproj", "{3B482014-8EE6-4C30-911D-4D61C4CF6515}"
EndProject
Global
	GlobalSection(SolutionConfigurationPlatforms) = preSolution
		Debug|Any CPU = Debug|Any CPU
		Diagnostic|Any CPU = Diagnostic|Any CPU
		Release|Any CPU = Release|Any CPU
	EndGlobalSection
	GlobalSection(ProjectConfigurationPlatforms) = postSolution
		{3B482014-8EE6-4C30-911D-4D61C4CF6515}.Debug|Any CPU.ActiveCfg = Debug|Any CPU
		{3B482014-8EE6-4C30-911D-4D61C4CF6515}.Debug|Any CPU.Build.0 = Debug|Any CPU
		{3B482014-8EE6-4C30-911D-4D61C4CF6515}.Diagnostic|Any CPU.ActiveCfg = Debug|Any CPU
		{3B482014-8EE6-4C30-911D-4D61C4CF6515}.Diagnostic|Any CPU.Build.0 = Debug|Any CPU
		{3B482014-8EE6-4C30-911D-4D61C4CF6515}.Release|Any CPU.ActiveCfg = Release|Any CPU
		{3B482014-8EE6-4C30-911D-4D61C4CF6515}.Release|Any CPU.Build.0 = Release|Any CPU
	EndGlobalSection
	GlobalSection(SolutionProperties) = preSolution
		HideSolutionNode = FALSE
	EndGlobalSection
	GlobalSection(ExtensibilityGlobals) = postSolution
		SolutionGuid = {A98F41E4-0A3A-4FD0-97FD-28207420EC5D}
	EndGlobalSection
EndGlobal
